
Microsoft Visual Studio Solution File, Format Version 12.00
# Visual Studio 15
VisualStudioVersion = 15.0.26730.10
MinimumVisualStudioVersion = 10.0.40219.1
Project("{FAE04EC0-301F-11D3-BF4B-00C04F79EFBC}") = "WindowsFormsApp1", "WindowsFormsApp1\WindowsFormsApp1.csproj", "{B12E9B04-8E82-4D2A-9B2D-2F11BE6F1874}"
EndProject
Global
	GlobalSection(SolutionConfigurationPlatforms) = preSolution
		Debug|Any CPU = Debug|Any CPU
		Release|Any CPU = Release|Any CPU
	EndGlobalSection
	GlobalSection(ProjectConfigurationPlatforms) = postSolution
		{B12E9B04-8E82-4D2A-9B2D-2F11BE6F1874}.Debug|Any CPU.ActiveCfg = Debug|Any CPU
		{B12E9B04-8E82-4D2A-9B2D-2F11BE6F1874}.Debug|Any CPU.Build.0 = Debug|Any CPU
		{B12E9B04-8E82-4D2A-9B2D-2F11BE6F1874}.Release|Any CPU.ActiveCfg = Release|Any CPU
		{B12E9B04-8E82-4D2A-9B2D-2F11BE6F1874}.Release|Any CPU.Build.0 = Release|Any CPU
	EndGlobalSection
	GlobalSection(SolutionProperties) = preSolution
		HideSolutionNode = FALSE
	EndGlobalSection
	GlobalSection(ExtensibilityGlobals) = postSolution
		SolutionGuid = {C421B8AF-E787-45B9-B0E6-F261135BE9B1}
	EndGlobalSection
EndGlobal
